<?xml version="1.0" encoding="utf-8"?>
<Project ToolsVersion="4.0" xmlns="http://schemas.microsoft.com/developer/msbuild/2003">
  <ItemGroup>
    <Filter Include="Source Files">
      <UniqueIdentifier>{4FC737F1-C7A5-4376-A066-2A32D752A2FF}</UniqueIdentifier>
      <Extensions>cpp;c;cc;cxx;def;odl;idl;hpj;bat;asm;asmx</Extensions>
    </Filter>
    <Filter Include="Header Files">
      <UniqueIdentifier>{93995380-89BD-4b04-88EB-625FBE52EBFB}</UniqueIdentifier>
      <Extensions>h;hh;hpp;hxx;hm;inl;inc;xsd</Extensions>
    </Filter>
    <Filter Include="Resource Files">
      <UniqueIdentifier>{67DA6AB6-F800-4c08-8B7A-83BB121AAD01}</UniqueIdentifier>
      <Extensions>rc;ico;cur;bmp;dlg;rc2;rct;bin;rgs;gif;jpg;jpeg;jpe;resx;tiff;tif;png;wav;mfcribbon-ms</Extensions>
    </Filter>
    <Filter Include="Source Files\VideoCreator">
      <UniqueIdentifier>{513896ad-de35-48d5-a017-b5ef8aae9fab}</UniqueIdentifier>
    </Filter>
    <Filter Include="Header Files\VideoCreator">
      <UniqueIdentifier>{a7d39633-726c-407b-8154-053b2f2933c8}</UniqueIdentifier>
    </Filter>
  </ItemGroup>
  <ItemGroup>
    <ClInclude Include="stdafx.h">
      <Filter>Header Files</Filter>
    </ClInclude>
    <ClInclude Include="targetver.h">
      <Filter>Header Files</Filter>
    </ClInclude>
    <ClInclude Include="Shape.h">
      <Filter>Header Files\VideoCreator</Filter>
    </ClInclude>
    <ClInclude Include="TrackedObject.h">
      <Filter>Header Files</Filter>
    </ClInclude>
    <ClInclude Include="ShapeHook.h">
      <Filter>Header Files\VideoCreator</Filter>
    </ClInclude>
    <ClInclude Include="VideoSource.h">
      <Filter>Header Files\VideoCreator</Filter>
    </ClInclude>
    <ClInclude Include="BackgroundExtractor.h">
      <Filter>Header Files</Filter>
    </ClInclude>
  </ItemGroup>
  <ItemGroup>
    <ClCompile Include="stdafx.cpp">
      <Filter>Source Files</Filter>
    </ClCompile>
    <ClCompile Include="Video Segmentation.cpp">
      <Filter>Source Files</Filter>
    </ClCompile>
    <ClCompile Include="Shape.cpp">
      <Filter>Source Files\VideoCreator</Filter>
    </ClCompile>
    <ClCompile Include="TrackerTest.cpp">
      <Filter>Source Files</Filter>
    </ClCompile>
    <ClCompile Include="BoundingBox.cpp">
      <Filter>Source Files</Filter>
    </ClCompile>
    <ClCompile Include="TrackedObject.cpp">
      <Filter>Source Files</Filter>
    </ClCompile>
    <ClCompile Include="ShapeHook.cpp">
      <Filter>Source Files\VideoCreator</Filter>
    </ClCompile>
    <ClCompile Include="VideoSource.cpp">
      <Filter>Source Files\VideoCreator</Filter>
    </ClCompile>
    <ClCompile Include="BackgroundExtractor.cpp">
      <Filter>Source Files</Filter>
    </ClCompile>
  </ItemGroup>
</Project>